# This file is autogenerated, do not edit; changes may be undone by the next 'dep ensure'.


[[projects]]
  branch = "master"
  digest = "1:315c5f2f60c76d89b871c73f9bd5fe689cad96597afd50fb9992228ef80bdd34"
  name = "github.com/alecthomas/template"
  packages = [
    ".",
    "parse",
  ]
  pruneopts = "UT"
  revision = "a0175ee3bccc567396460bf5acd36800cb10c49c"

[[projects]]
  branch = "master"
  digest = "1:c198fdc381e898e8fb62b8eb62758195091c313ad18e52a3067366e1dda2fb3c"
  name = "github.com/alecthomas/units"
  packages = ["."]
  pruneopts = "UT"
  revision = "2efee857e7cfd4f3d0138cc3cbb1b4966962b93a"

[[projects]]
  digest = "1:afb77c095b4e0ba815f114f7e7ef99ffb52a62414a5f86c2ad97371bdcf245de"
  name = "github.com/aws/aws-lambda-go"
  packages = [
    "events",
    "lambda",
    "lambda/messages",
    "lambdacontext",
  ]
  pruneopts = "UT"
  revision = "527f5d301d2993af078be6d0b63372786b3fc18f"
  version = "v1.8.2"

[[projects]]
  digest = "1:c8eb9d87b5c1791193e4791cd4df7180a6d495c7a244d31305b91d426f373fa9"
  name = "github.com/aws/aws-sdk-go-v2"
  packages = [
    "aws",
    "aws/awserr",
    "aws/defaults",
    "aws/ec2metadata",
    "aws/ec2rolecreds",
    "aws/endpointcreds",
    "aws/endpoints",
    "aws/external",
    "aws/signer/v4",
    "aws/stscreds",
    "internal/awsutil",
    "internal/ini",
    "internal/sdk",
    "private/protocol",
    "private/protocol/json/jsonutil",
    "private/protocol/jsonrpc",
    "private/protocol/query",
    "private/protocol/query/queryutil",
    "private/protocol/rest",
    "private/protocol/restxml",
    "private/protocol/xml",
    "private/protocol/xml/xmlutil",
    "service/codepipeline",
    "service/s3",
    "service/sts",
  ]
  pruneopts = "UT"
  revision = "c2b476bac53067cebc587747e866881b2e383625"
  version = "v0.7.0"

[[projects]]
  digest = "1:c3388642e07731a240e14f4bc7207df59cfcc009447c657b9de87fec072d07e3"
  name = "github.com/google/renameio"
  packages = ["."]
  pruneopts = "UT"
  revision = "f0e32980c006571efd537032e5f9cd8c1a92819e"
  version = "v0.1.0"

[[projects]]
  digest = "1:bb81097a5b62634f3e9fec1014657855610c82d19b9a40c17612e32651e35dca"
  name = "github.com/jmespath/go-jmespath"
  packages = ["."]
  pruneopts = "UT"
  revision = "c2b33e84"

[[projects]]
  digest = "1:c06d9e11d955af78ac3bbb26bd02e01d2f61f689e1a3bce2ef6fb683ef8a7f2d"
  name = "gopkg.in/alecthomas/kingpin.v2"
  packages = ["."]
  pruneopts = "UT"
  revision = "947dcec5ba9c011838740e680966fd7087a71d0d"
  version = "v2.2.6"

[solve-meta]
  analyzer-name = "dep"
  analyzer-version = 1
  input-imports = [
    "github.com/aws/aws-lambda-go/events",
    "github.com/aws/aws-lambda-go/lambda",
    "github.com/aws/aws-sdk-go-v2/aws",
    "github.com/aws/aws-sdk-go-v2/aws/external",
    "github.com/aws/aws-sdk-go-v2/service/codepipeline",
    "github.com/aws/aws-sdk-go-v2/service/s3",
    "github.com/google/renameio",
    "gopkg.in/alecthomas/kingpin.v2",
  ]
  solver-name = "gps-cdcl"
  solver-version = 1
